
Microsoft Visual Studio Solution File, Format Version 12.00
# Visual Studio 14
VisualStudioVersion = 14.0.23107.0
MinimumVisualStudioVersion = 10.0.40219.1
Project("{FAE04EC0-301F-11D3-BF4B-00C04F79EFBC}") = "MusicSystem.Data", "MusicSystem.Data\MusicSystem.Data.csproj", "{A9D6F902-DA6C-45D9-922B-0DFB271D60F1}"
EndProject
Project("{FAE04EC0-301F-11D3-BF4B-00C04F79EFBC}") = "MusicSystem.Web", "MusicSystem.Web\MusicSystem.Web.csproj", "{3A3DC63D-CBB8-448F-80CB-8523265207DA}"
EndProject
Global
	GlobalSection(SolutionConfigurationPlatforms) = preSolution
		Debug|Any CPU = Debug|Any CPU
		Release|Any CPU = Release|Any CPU
	EndGlobalSection
	GlobalSection(ProjectConfigurationPlatforms) = postSolution
		{A9D6F902-DA6C-45D9-922B-0DFB271D60F1}.Debug|Any CPU.ActiveCfg = Debug|Any CPU
		{A9D6F902-DA6C-45D9-922B-0DFB271D60F1}.Debug|Any CPU.Build.0 = Debug|Any CPU
		{A9D6F902-DA6C-45D9-922B-0DFB271D60F1}.Release|Any CPU.ActiveCfg = Release|Any CPU
		{A9D6F902-DA6C-45D9-922B-0DFB271D60F1}.Release|Any CPU.Build.0 = Release|Any CPU
		{3A3DC63D-CBB8-448F-80CB-8523265207DA}.Debug|Any CPU.ActiveCfg = Debug|Any CPU
		{3A3DC63D-CBB8-448F-80CB-8523265207DA}.Debug|Any CPU.Build.0 = Debug|Any CPU
		{3A3DC63D-CBB8-448F-80CB-8523265207DA}.Release|Any CPU.ActiveCfg = Release|Any CPU
		{3A3DC63D-CBB8-448F-80CB-8523265207DA}.Release|Any CPU.Build.0 = Release|Any CPU
	EndGlobalSection
	GlobalSection(SolutionProperties) = preSolution
		HideSolutionNode = FALSE
	EndGlobalSection
EndGlobal
