
Microsoft Visual Studio Solution File, Format Version 12.00
# Visual Studio 14
VisualStudioVersion = 14.0.23107.0
MinimumVisualStudioVersion = 10.0.40219.1
Project("{FAE04EC0-301F-11D3-BF4B-00C04F79EFBC}") = "RepeatingPattern", "RepeatingPattern\RepeatingPattern.csproj", "{E3AF4AD9-D524-4C97-9740-75EB07607336}"
EndProject
Project("{FAE04EC0-301F-11D3-BF4B-00C04F79EFBC}") = "Source", "Source\Source.csproj", "{D7D87895-C780-4BA8-A628-32F309C223BC}"
EndProject
Project("{FAE04EC0-301F-11D3-BF4B-00C04F79EFBC}") = "Palindromize", "Palindromize\Palindromize.csproj", "{A4F6E87E-C526-4FF6-99E0-33989FB30F12}"
EndProject
Project("{FAE04EC0-301F-11D3-BF4B-00C04F79EFBC}") = "Rabbits", "Rabbits\Rabbits.csproj", "{F9CD1B3E-14B5-4CDF-A096-D8281D6F0579}"
EndProject
Global
	GlobalSection(SolutionConfigurationPlatforms) = preSolution
		Debug|Any CPU = Debug|Any CPU
		Release|Any CPU = Release|Any CPU
	EndGlobalSection
	GlobalSection(ProjectConfigurationPlatforms) = postSolution
		{E3AF4AD9-D524-4C97-9740-75EB07607336}.Debug|Any CPU.ActiveCfg = Debug|Any CPU
		{E3AF4AD9-D524-4C97-9740-75EB07607336}.Debug|Any CPU.Build.0 = Debug|Any CPU
		{E3AF4AD9-D524-4C97-9740-75EB07607336}.Release|Any CPU.ActiveCfg = Release|Any CPU
		{E3AF4AD9-D524-4C97-9740-75EB07607336}.Release|Any CPU.Build.0 = Release|Any CPU
		{D7D87895-C780-4BA8-A628-32F309C223BC}.Debug|Any CPU.ActiveCfg = Debug|Any CPU
		{D7D87895-C780-4BA8-A628-32F309C223BC}.Debug|Any CPU.Build.0 = Debug|Any CPU
		{D7D87895-C780-4BA8-A628-32F309C223BC}.Release|Any CPU.ActiveCfg = Release|Any CPU
		{D7D87895-C780-4BA8-A628-32F309C223BC}.Release|Any CPU.Build.0 = Release|Any CPU
		{A4F6E87E-C526-4FF6-99E0-33989FB30F12}.Debug|Any CPU.ActiveCfg = Debug|Any CPU
		{A4F6E87E-C526-4FF6-99E0-33989FB30F12}.Debug|Any CPU.Build.0 = Debug|Any CPU
		{A4F6E87E-C526-4FF6-99E0-33989FB30F12}.Release|Any CPU.ActiveCfg = Release|Any CPU
		{A4F6E87E-C526-4FF6-99E0-33989FB30F12}.Release|Any CPU.Build.0 = Release|Any CPU
		{F9CD1B3E-14B5-4CDF-A096-D8281D6F0579}.Debug|Any CPU.ActiveCfg = Debug|Any CPU
		{F9CD1B3E-14B5-4CDF-A096-D8281D6F0579}.Debug|Any CPU.Build.0 = Debug|Any CPU
		{F9CD1B3E-14B5-4CDF-A096-D8281D6F0579}.Release|Any CPU.ActiveCfg = Release|Any CPU
		{F9CD1B3E-14B5-4CDF-A096-D8281D6F0579}.Release|Any CPU.Build.0 = Release|Any CPU
	EndGlobalSection
	GlobalSection(SolutionProperties) = preSolution
		HideSolutionNode = FALSE
	EndGlobalSection
EndGlobal
