
Microsoft Visual Studio Solution File, Format Version 12.00
# Visual Studio 14
VisualStudioVersion = 14.0.23107.0
MinimumVisualStudioVersion = 10.0.40219.1
Project("{FAE04EC0-301F-11D3-BF4B-00C04F79EFBC}") = "FriendsOfPesho", "FriendsOfPesho\FriendsOfPesho.csproj", "{CB7C8405-6575-4798-8D1E-8FC58DCF7C3A}"
EndProject
Project("{FAE04EC0-301F-11D3-BF4B-00C04F79EFBC}") = "Salaries", "Salaries\Salaries.csproj", "{8B1C5B74-43D7-477B-92A3-0188DA8435B5}"
EndProject
Project("{FAE04EC0-301F-11D3-BF4B-00C04F79EFBC}") = "Cables", "Cables\Cables.csproj", "{FA04406B-1607-4B82-A986-2650F4D1CECE}"
EndProject
Global
	GlobalSection(SolutionConfigurationPlatforms) = preSolution
		Debug|Any CPU = Debug|Any CPU
		Release|Any CPU = Release|Any CPU
	EndGlobalSection
	GlobalSection(ProjectConfigurationPlatforms) = postSolution
		{CB7C8405-6575-4798-8D1E-8FC58DCF7C3A}.Debug|Any CPU.ActiveCfg = Debug|Any CPU
		{CB7C8405-6575-4798-8D1E-8FC58DCF7C3A}.Debug|Any CPU.Build.0 = Debug|Any CPU
		{CB7C8405-6575-4798-8D1E-8FC58DCF7C3A}.Release|Any CPU.ActiveCfg = Release|Any CPU
		{CB7C8405-6575-4798-8D1E-8FC58DCF7C3A}.Release|Any CPU.Build.0 = Release|Any CPU
		{8B1C5B74-43D7-477B-92A3-0188DA8435B5}.Debug|Any CPU.ActiveCfg = Debug|Any CPU
		{8B1C5B74-43D7-477B-92A3-0188DA8435B5}.Debug|Any CPU.Build.0 = Debug|Any CPU
		{8B1C5B74-43D7-477B-92A3-0188DA8435B5}.Release|Any CPU.ActiveCfg = Release|Any CPU
		{8B1C5B74-43D7-477B-92A3-0188DA8435B5}.Release|Any CPU.Build.0 = Release|Any CPU
		{FA04406B-1607-4B82-A986-2650F4D1CECE}.Debug|Any CPU.ActiveCfg = Debug|Any CPU
		{FA04406B-1607-4B82-A986-2650F4D1CECE}.Debug|Any CPU.Build.0 = Debug|Any CPU
		{FA04406B-1607-4B82-A986-2650F4D1CECE}.Release|Any CPU.ActiveCfg = Release|Any CPU
		{FA04406B-1607-4B82-A986-2650F4D1CECE}.Release|Any CPU.Build.0 = Release|Any CPU
	EndGlobalSection
	GlobalSection(SolutionProperties) = preSolution
		HideSolutionNode = FALSE
	EndGlobalSection
EndGlobal
