
Microsoft Visual Studio Solution File, Format Version 12.00
# Visual Studio 14
VisualStudioVersion = 14.0.23107.0
MinimumVisualStudioVersion = 10.0.40219.1
Project("{FAE04EC0-301F-11D3-BF4B-00C04F79EFBC}") = "1.NumberOfAlbumsOfAuthor", "1.NumberOfAlbumsOfAuthor\1.NumberOfAlbumsOfAuthor.csproj", "{A5509765-7CC1-4E12-A901-38EA9027005F}"
EndProject
Project("{FAE04EC0-301F-11D3-BF4B-00C04F79EFBC}") = "2.NumberOfAlbumsOfAuthor2", "2.NumberOfAlbumsOfAuthor2\2.NumberOfAlbumsOfAuthor2.csproj", "{CEFF1F15-26B0-40EA-8BA1-7FDC08ED94DB}"
EndProject
Project("{FAE04EC0-301F-11D3-BF4B-00C04F79EFBC}") = "3.DeleteHighPriceAlbums", "3.DeleteLowPriceAlbums\3.DeleteHighPriceAlbums.csproj", "{CE305F3F-AEEC-4328-BE56-EE3B3027C3C3}"
EndProject
Project("{FAE04EC0-301F-11D3-BF4B-00C04F79EFBC}") = "4.ExtractSongTitle", "4.ExtractSongTitle\4.ExtractSongTitle.csproj", "{F8D6FE2C-B6B3-4220-A92A-C240FFBCD881}"
EndProject
Project("{FAE04EC0-301F-11D3-BF4B-00C04F79EFBC}") = "5.ExtractSongTitle", "5.ExtractSongTitle\5.ExtractSongTitle.csproj", "{6D14AFB2-1B59-4D59-B11A-E603E7A6833C}"
EndProject
Project("{FAE04EC0-301F-11D3-BF4B-00C04F79EFBC}") = "6.ConvertTextToXml", "6.ConvertTextToXml\6.ConvertTextToXml.csproj", "{3054E97F-AE3C-4CA6-BD6C-89C130002B07}"
EndProject
Project("{FAE04EC0-301F-11D3-BF4B-00C04F79EFBC}") = "7.CreateAlbum", "7.CreateAlbum\7.CreateAlbum.csproj", "{C80022B5-0E03-4C99-B477-67AA3528C799}"
EndProject
Project("{FAE04EC0-301F-11D3-BF4B-00C04F79EFBC}") = "8.DirectoryStructure", "8.DirectoryStructure\8.DirectoryStructure.csproj", "{8B815AAC-B0B3-402B-94DC-3B34A20F6D3A}"
EndProject
Project("{FAE04EC0-301F-11D3-BF4B-00C04F79EFBC}") = "9.DirectoryStructureX", "9.DirectoryStructureX\9.DirectoryStructureX.csproj", "{D6230A44-A320-439C-BEA3-271D370EF104}"
EndProject
Project("{FAE04EC0-301F-11D3-BF4B-00C04F79EFBC}") = "10.GetPrices", "10.GetPrices\10.GetPrices.csproj", "{0DDE56CE-A9C4-461C-9DD8-9AA9D1CFEC89}"
EndProject
Project("{FAE04EC0-301F-11D3-BF4B-00C04F79EFBC}") = "11.GetPricesLinq", "11.GetPricesLinq\11.GetPricesLinq.csproj", "{72AD85CD-410F-4EAC-81AB-F99F83ABE7E5}"
EndProject
Project("{FAE04EC0-301F-11D3-BF4B-00C04F79EFBC}") = "12.XslTransform", "12.XslTransform\12.XslTransform.csproj", "{FA7910D1-7E9A-48FA-B2EE-DA84A96B0AA1}"
EndProject
Project("{FAE04EC0-301F-11D3-BF4B-00C04F79EFBC}") = "13.XsdSchema", "13.XsdSchema\13.XsdSchema.csproj", "{8FD43E0C-32ED-446A-A406-584A859509EC}"
EndProject
Global
	GlobalSection(SolutionConfigurationPlatforms) = preSolution
		Debug|Any CPU = Debug|Any CPU
		Release|Any CPU = Release|Any CPU
	EndGlobalSection
	GlobalSection(ProjectConfigurationPlatforms) = postSolution
		{A5509765-7CC1-4E12-A901-38EA9027005F}.Debug|Any CPU.ActiveCfg = Debug|Any CPU
		{A5509765-7CC1-4E12-A901-38EA9027005F}.Debug|Any CPU.Build.0 = Debug|Any CPU
		{A5509765-7CC1-4E12-A901-38EA9027005F}.Release|Any CPU.ActiveCfg = Release|Any CPU
		{A5509765-7CC1-4E12-A901-38EA9027005F}.Release|Any CPU.Build.0 = Release|Any CPU
		{CEFF1F15-26B0-40EA-8BA1-7FDC08ED94DB}.Debug|Any CPU.ActiveCfg = Debug|Any CPU
		{CEFF1F15-26B0-40EA-8BA1-7FDC08ED94DB}.Debug|Any CPU.Build.0 = Debug|Any CPU
		{CEFF1F15-26B0-40EA-8BA1-7FDC08ED94DB}.Release|Any CPU.ActiveCfg = Release|Any CPU
		{CEFF1F15-26B0-40EA-8BA1-7FDC08ED94DB}.Release|Any CPU.Build.0 = Release|Any CPU
		{CE305F3F-AEEC-4328-BE56-EE3B3027C3C3}.Debug|Any CPU.ActiveCfg = Debug|Any CPU
		{CE305F3F-AEEC-4328-BE56-EE3B3027C3C3}.Debug|Any CPU.Build.0 = Debug|Any CPU
		{CE305F3F-AEEC-4328-BE56-EE3B3027C3C3}.Release|Any CPU.ActiveCfg = Release|Any CPU
		{CE305F3F-AEEC-4328-BE56-EE3B3027C3C3}.Release|Any CPU.Build.0 = Release|Any CPU
		{F8D6FE2C-B6B3-4220-A92A-C240FFBCD881}.Debug|Any CPU.ActiveCfg = Debug|Any CPU
		{F8D6FE2C-B6B3-4220-A92A-C240FFBCD881}.Debug|Any CPU.Build.0 = Debug|Any CPU
		{F8D6FE2C-B6B3-4220-A92A-C240FFBCD881}.Release|Any CPU.ActiveCfg = Release|Any CPU
		{F8D6FE2C-B6B3-4220-A92A-C240FFBCD881}.Release|Any CPU.Build.0 = Release|Any CPU
		{6D14AFB2-1B59-4D59-B11A-E603E7A6833C}.Debug|Any CPU.ActiveCfg = Debug|Any CPU
		{6D14AFB2-1B59-4D59-B11A-E603E7A6833C}.Debug|Any CPU.Build.0 = Debug|Any CPU
		{6D14AFB2-1B59-4D59-B11A-E603E7A6833C}.Release|Any CPU.ActiveCfg = Release|Any CPU
		{6D14AFB2-1B59-4D59-B11A-E603E7A6833C}.Release|Any CPU.Build.0 = Release|Any CPU
		{3054E97F-AE3C-4CA6-BD6C-89C130002B07}.Debug|Any CPU.ActiveCfg = Debug|Any CPU
		{3054E97F-AE3C-4CA6-BD6C-89C130002B07}.Debug|Any CPU.Build.0 = Debug|Any CPU
		{3054E97F-AE3C-4CA6-BD6C-89C130002B07}.Release|Any CPU.ActiveCfg = Release|Any CPU
		{3054E97F-AE3C-4CA6-BD6C-89C130002B07}.Release|Any CPU.Build.0 = Release|Any CPU
		{C80022B5-0E03-4C99-B477-67AA3528C799}.Debug|Any CPU.ActiveCfg = Debug|Any CPU
		{C80022B5-0E03-4C99-B477-67AA3528C799}.Debug|Any CPU.Build.0 = Debug|Any CPU
		{C80022B5-0E03-4C99-B477-67AA3528C799}.Release|Any CPU.ActiveCfg = Release|Any CPU
		{C80022B5-0E03-4C99-B477-67AA3528C799}.Release|Any CPU.Build.0 = Release|Any CPU
		{8B815AAC-B0B3-402B-94DC-3B34A20F6D3A}.Debug|Any CPU.ActiveCfg = Debug|Any CPU
		{8B815AAC-B0B3-402B-94DC-3B34A20F6D3A}.Debug|Any CPU.Build.0 = Debug|Any CPU
		{8B815AAC-B0B3-402B-94DC-3B34A20F6D3A}.Release|Any CPU.ActiveCfg = Release|Any CPU
		{8B815AAC-B0B3-402B-94DC-3B34A20F6D3A}.Release|Any CPU.Build.0 = Release|Any CPU
		{D6230A44-A320-439C-BEA3-271D370EF104}.Debug|Any CPU.ActiveCfg = Debug|Any CPU
		{D6230A44-A320-439C-BEA3-271D370EF104}.Debug|Any CPU.Build.0 = Debug|Any CPU
		{D6230A44-A320-439C-BEA3-271D370EF104}.Release|Any CPU.ActiveCfg = Release|Any CPU
		{D6230A44-A320-439C-BEA3-271D370EF104}.Release|Any CPU.Build.0 = Release|Any CPU
		{0DDE56CE-A9C4-461C-9DD8-9AA9D1CFEC89}.Debug|Any CPU.ActiveCfg = Debug|Any CPU
		{0DDE56CE-A9C4-461C-9DD8-9AA9D1CFEC89}.Debug|Any CPU.Build.0 = Debug|Any CPU
		{0DDE56CE-A9C4-461C-9DD8-9AA9D1CFEC89}.Release|Any CPU.ActiveCfg = Release|Any CPU
		{0DDE56CE-A9C4-461C-9DD8-9AA9D1CFEC89}.Release|Any CPU.Build.0 = Release|Any CPU
		{72AD85CD-410F-4EAC-81AB-F99F83ABE7E5}.Debug|Any CPU.ActiveCfg = Debug|Any CPU
		{72AD85CD-410F-4EAC-81AB-F99F83ABE7E5}.Debug|Any CPU.Build.0 = Debug|Any CPU
		{72AD85CD-410F-4EAC-81AB-F99F83ABE7E5}.Release|Any CPU.ActiveCfg = Release|Any CPU
		{72AD85CD-410F-4EAC-81AB-F99F83ABE7E5}.Release|Any CPU.Build.0 = Release|Any CPU
		{FA7910D1-7E9A-48FA-B2EE-DA84A96B0AA1}.Debug|Any CPU.ActiveCfg = Debug|Any CPU
		{FA7910D1-7E9A-48FA-B2EE-DA84A96B0AA1}.Debug|Any CPU.Build.0 = Debug|Any CPU
		{FA7910D1-7E9A-48FA-B2EE-DA84A96B0AA1}.Release|Any CPU.ActiveCfg = Release|Any CPU
		{FA7910D1-7E9A-48FA-B2EE-DA84A96B0AA1}.Release|Any CPU.Build.0 = Release|Any CPU
		{8FD43E0C-32ED-446A-A406-584A859509EC}.Debug|Any CPU.ActiveCfg = Debug|Any CPU
		{8FD43E0C-32ED-446A-A406-584A859509EC}.Debug|Any CPU.Build.0 = Debug|Any CPU
		{8FD43E0C-32ED-446A-A406-584A859509EC}.Release|Any CPU.ActiveCfg = Release|Any CPU
		{8FD43E0C-32ED-446A-A406-584A859509EC}.Release|Any CPU.Build.0 = Release|Any CPU
	EndGlobalSection
	GlobalSection(SolutionProperties) = preSolution
		HideSolutionNode = FALSE
	EndGlobalSection
EndGlobal
